{
  "nodes": {
    "effekt-nix": {
      "inputs": {
        "nixpkgs": [
          "nixpkgs"
        ],
        "sbt-derivation": "sbt-derivation"
      },
      "locked": {
        "lastModified": 1790599518,
        "narHash": "sha256-dN7i1EbHrukV3oCC7nlGEfAZtrTaAZL3c8mQC/4aaRE=",
        "owner": "jiribenes",
        "repo": "effekt-nix",
        "rev": "65e43d54a7e351d14d5a8bd07f781c654477f415",
        "type": "github"
      },
      "original": {
        "owner": "jiribenes",
        "repo": "effekt-nix",
        "type": "github"
      }
    },
    "nixpkgs": {
      "locked": {
        "lastModified": 1791191277,
        "narHash": "sha256-i8KuaINOYLvB2oQikGvtRmdZRxATRxsI9Yad2pp7dEA=",
        "owner": "NixOS",
        "repo": "nixpkgs",
        "rev": "aa48d347080940b8a2b8d2f48228674e280a3514",
        "type": "github"
      },
      "original": {
        "owner": "NixOS",
        "ref": "nixpkgs-unstable",
        "repo": "nixpkgs",
        "type": "github"
      }
    },
    "root": {
      "inputs": {
        "effekt-nix": "effekt-nix",
        "nixpkgs": "nixpkgs"
      }
    },
    "sbt-derivation": {
      "flake": false,
      "locked": {
        "lastModified": 1698464090,
        "narHash": "sha256-Pnej7WZIPomYWg8f/CZ65sfW85IfIUjYhphMMg7/LT0=",
        "owner": "zaninime",
        "repo": "sbt-derivation",
        "rev": "6762cf2c31de50efd9ff905cbcc87239995a4ef9",
        "type": "github"
      },
      "original": {
        "owner": "zaninime",
        "repo": "sbt-derivation",
        "type": "github"
      }
    }
  },
  "root": "root",
  "version": 7
}
