{
  "nodes": {
    "effekt-nix": {
      "inputs": {
        "nixpkgs": [
          "nixpkgs"
        ],
        "sbt-derivation": "sbt-derivation"
      },
      "locked": {
        "lastModified": 1789166023,
        "narHash": "sha256-Q+igm4RBPpUVEcVgh40pPIao1moAWO+uxwu/cyU+W8s=",
        "owner": "jiribenes",
        "repo": "effekt-nix",
        "rev": "2b5a66f861748ddf43df6e2c274d3133b965a4b5",
        "type": "github"
      },
      "original": {
        "owner": "jiribenes",
        "repo": "effekt-nix",
        "type": "github"
      }
    },
    "nixpkgs": {
      "locked": {
        "lastModified": 1789073787,
        "narHash": "sha256-xfX/toC2QV707s06GbP4II/TxYF0fNQj7s5/LClNDKc=",
        "owner": "NixOS",
        "repo": "nixpkgs",
        "rev": "aff8a0b28396750446e5537a96461bc4facdb287",
        "type": "github"
      },
      "original": {
        "owner": "NixOS",
        "ref": "nixpkgs-unstable",
        "repo": "nixpkgs",
        "type": "github"
      }
    },
    "root": {
      "inputs": {
        "effekt-nix": "effekt-nix",
        "nixpkgs": "nixpkgs"
      }
    },
    "sbt-derivation": {
      "flake": false,
      "locked": {
        "lastModified": 1698464090,
        "narHash": "sha256-Pnej7WZIPomYWg8f/CZ65sfW85IfIUjYhphMMg7/LT0=",
        "owner": "zaninime",
        "repo": "sbt-derivation",
        "rev": "6762cf2c31de50efd9ff905cbcc87239995a4ef9",
        "type": "github"
      },
      "original": {
        "owner": "zaninime",
        "repo": "sbt-derivation",
        "type": "github"
      }
    }
  },
  "root": "root",
  "version": 7
}
